
Microsoft Visual Studio Solution File, Format Version 12.00
Project("{FAE04EC0-301F-11D3-BF4B-00C04F79EFBC}") = "ProjetExamen", "ProjetExamen\ProjetExamen.csproj", "{AD31DA42-2A01-4CC2-ABBA-F9DAAF36D49D}"
EndProject
Global
	GlobalSection(SolutionConfigurationPlatforms) = preSolution
		Debug|Any CPU = Debug|Any CPU
		Release|Any CPU = Release|Any CPU
	EndGlobalSection
	GlobalSection(ProjectConfigurationPlatforms) = postSolution
		{AD31DA42-2A01-4CC2-ABBA-F9DAAF36D49D}.Debug|Any CPU.ActiveCfg = Debug|Any CPU
		{AD31DA42-2A01-4CC2-ABBA-F9DAAF36D49D}.Debug|Any CPU.Build.0 = Debug|Any CPU
		{AD31DA42-2A01-4CC2-ABBA-F9DAAF36D49D}.Release|Any CPU.ActiveCfg = Release|Any CPU
		{AD31DA42-2A01-4CC2-ABBA-F9DAAF36D49D}.Release|Any CPU.Build.0 = Release|Any CPU
	EndGlobalSection
EndGlobal
